
Microsoft Visual Studio Solution File, Format Version 12.00
# Visual Studio Version 16
VisualStudioVersion = 16.0.30413.136
MinimumVisualStudioVersion = 10.0.40219.1
Project("{FAE04EC0-301F-11D3-BF4B-00C04F79EFBC}") = "Ejercicio2_ColorMensaje", "Ejercicio2_ColorMensaje\Ejercicio2_ColorMensaje.csproj", "{C4206BDE-4041-467C-A48F-798A590F4107}"
EndProject
Project("{FAE04EC0-301F-11D3-BF4B-00C04F79EFBC}") = "Ejercicio3_TableroDeportivo", "Ejercicio3_TableroDeportivo\Ejercicio3_TableroDeportivo.csproj", "{2BB7EE83-F190-4B4D-9023-6447A43C33CC}"
EndProject
Project("{FAE04EC0-301F-11D3-BF4B-00C04F79EFBC}") = "Ejercicio4_ClienteVuelos", "Ejercicio4_ClienteVuelos\Ejercicio4_ClienteVuelos.csproj", "{2A8AA52D-4906-4FBA-ACA6-453DF2B0D0AB}"
EndProject
Global
	GlobalSection(SolutionConfigurationPlatforms) = preSolution
		Debug|Any CPU = Debug|Any CPU
		Release|Any CPU = Release|Any CPU
	EndGlobalSection
	GlobalSection(ProjectConfigurationPlatforms) = postSolution
		{C4206BDE-4041-467C-A48F-798A590F4107}.Debug|Any CPU.ActiveCfg = Debug|Any CPU
		{C4206BDE-4041-467C-A48F-798A590F4107}.Debug|Any CPU.Build.0 = Debug|Any CPU
		{C4206BDE-4041-467C-A48F-798A590F4107}.Release|Any CPU.ActiveCfg = Release|Any CPU
		{C4206BDE-4041-467C-A48F-798A590F4107}.Release|Any CPU.Build.0 = Release|Any CPU
		{2BB7EE83-F190-4B4D-9023-6447A43C33CC}.Debug|Any CPU.ActiveCfg = Debug|Any CPU
		{2BB7EE83-F190-4B4D-9023-6447A43C33CC}.Debug|Any CPU.Build.0 = Debug|Any CPU
		{2BB7EE83-F190-4B4D-9023-6447A43C33CC}.Release|Any CPU.ActiveCfg = Release|Any CPU
		{2BB7EE83-F190-4B4D-9023-6447A43C33CC}.Release|Any CPU.Build.0 = Release|Any CPU
		{2A8AA52D-4906-4FBA-ACA6-453DF2B0D0AB}.Debug|Any CPU.ActiveCfg = Debug|Any CPU
		{2A8AA52D-4906-4FBA-ACA6-453DF2B0D0AB}.Debug|Any CPU.Build.0 = Debug|Any CPU
		{2A8AA52D-4906-4FBA-ACA6-453DF2B0D0AB}.Release|Any CPU.ActiveCfg = Release|Any CPU
		{2A8AA52D-4906-4FBA-ACA6-453DF2B0D0AB}.Release|Any CPU.Build.0 = Release|Any CPU
	EndGlobalSection
	GlobalSection(SolutionProperties) = preSolution
		HideSolutionNode = FALSE
	EndGlobalSection
	GlobalSection(ExtensibilityGlobals) = postSolution
		SolutionGuid = {51705BE4-5EE3-4CCF-9B48-E2EBBB81FE53}
	EndGlobalSection
EndGlobal
